
Microsoft Visual Studio Solution File, Format Version 12.00
# Visual Studio 15
VisualStudioVersion = 15.0.27428.2015
MinimumVisualStudioVersion = 10.0.40219.1
Project("{FAE04EC0-301F-11D3-BF4B-00C04F79EFBC}") = "MusicApplication", "MusicApplication\MusicApplication.csproj", "{687F4013-7DDE-45F2-8AC2-C54E26211905}"
EndProject
Project("{9A19103F-16F7-4668-BE54-9A1E7A4F7556}") = "MusicApplication.Data", "MusicApplication.Data\MusicApplication.Data.csproj", "{B8235A02-CA5E-4C9E-AB53-EE9C355FCDB6}"
EndProject
Project("{FAE04EC0-301F-11D3-BF4B-00C04F79EFBC}") = "MusicApplication.Services", "MusicApplication.Services\MusicApplication.Services.csproj", "{337682BB-074C-4E06-BFE7-0826B047D372}"
EndProject
Global
	GlobalSection(SolutionConfigurationPlatforms) = preSolution
		Debug|Any CPU = Debug|Any CPU
		Release|Any CPU = Release|Any CPU
	EndGlobalSection
	GlobalSection(ProjectConfigurationPlatforms) = postSolution
		{687F4013-7DDE-45F2-8AC2-C54E26211905}.Debug|Any CPU.ActiveCfg = Debug|Any CPU
		{687F4013-7DDE-45F2-8AC2-C54E26211905}.Debug|Any CPU.Build.0 = Debug|Any CPU
		{687F4013-7DDE-45F2-8AC2-C54E26211905}.Release|Any CPU.ActiveCfg = Release|Any CPU
		{687F4013-7DDE-45F2-8AC2-C54E26211905}.Release|Any CPU.Build.0 = Release|Any CPU
		{B8235A02-CA5E-4C9E-AB53-EE9C355FCDB6}.Debug|Any CPU.ActiveCfg = Debug|Any CPU
		{B8235A02-CA5E-4C9E-AB53-EE9C355FCDB6}.Debug|Any CPU.Build.0 = Debug|Any CPU
		{B8235A02-CA5E-4C9E-AB53-EE9C355FCDB6}.Release|Any CPU.ActiveCfg = Release|Any CPU
		{B8235A02-CA5E-4C9E-AB53-EE9C355FCDB6}.Release|Any CPU.Build.0 = Release|Any CPU
		{337682BB-074C-4E06-BFE7-0826B047D372}.Debug|Any CPU.ActiveCfg = Debug|Any CPU
		{337682BB-074C-4E06-BFE7-0826B047D372}.Debug|Any CPU.Build.0 = Debug|Any CPU
		{337682BB-074C-4E06-BFE7-0826B047D372}.Release|Any CPU.ActiveCfg = Release|Any CPU
		{337682BB-074C-4E06-BFE7-0826B047D372}.Release|Any CPU.Build.0 = Release|Any CPU
	EndGlobalSection
	GlobalSection(SolutionProperties) = preSolution
		HideSolutionNode = FALSE
	EndGlobalSection
	GlobalSection(ExtensibilityGlobals) = postSolution
		SolutionGuid = {9EE78421-4E5F-418A-AF52-E29733083C0A}
	EndGlobalSection
EndGlobal
