
Microsoft Visual Studio Solution File, Format Version 12.00
# Visual Studio 15
VisualStudioVersion = 15.0.27428.2015
MinimumVisualStudioVersion = 10.0.40219.1
Project("{FAE04EC0-301F-11D3-BF4B-00C04F79EFBC}") = "MusicApp", "MusicApp\MusicApp.csproj", "{ABCC051B-1A18-4B4C-A731-EB1B259BBB41}"
EndProject
Project("{FAE04EC0-301F-11D3-BF4B-00C04F79EFBC}") = "MusicApp.Tests", "MusicApp.Tests\MusicApp.Tests.csproj", "{F317D3B9-9C84-452C-B544-F354658667AB}"
EndProject
Project("{FAE04EC0-301F-11D3-BF4B-00C04F79EFBC}") = "MusicApp.Data", "MusicApp.Data\MusicApp.Data.csproj", "{317AFF68-3CEF-414F-ADAD-D6A946E4B785}"
EndProject
Project("{FAE04EC0-301F-11D3-BF4B-00C04F79EFBC}") = "MusicApp.Services", "MusicApp.Services\MusicApp.Services.csproj", "{501B9142-0098-4E8F-B57F-4B81C1CE2A82}"
EndProject
Project("{FAE04EC0-301F-11D3-BF4B-00C04F79EFBC}") = "MusicApp.Infrastructure", "MusicApp.Infrastructure\MusicApp.Infrastructure.csproj", "{9114119E-36D1-42B3-BDA2-439A9837F919}"
EndProject
Global
	GlobalSection(SolutionConfigurationPlatforms) = preSolution
		Debug|Any CPU = Debug|Any CPU
		Release|Any CPU = Release|Any CPU
	EndGlobalSection
	GlobalSection(ProjectConfigurationPlatforms) = postSolution
		{ABCC051B-1A18-4B4C-A731-EB1B259BBB41}.Debug|Any CPU.ActiveCfg = Debug|Any CPU
		{ABCC051B-1A18-4B4C-A731-EB1B259BBB41}.Debug|Any CPU.Build.0 = Debug|Any CPU
		{ABCC051B-1A18-4B4C-A731-EB1B259BBB41}.Release|Any CPU.ActiveCfg = Release|Any CPU
		{ABCC051B-1A18-4B4C-A731-EB1B259BBB41}.Release|Any CPU.Build.0 = Release|Any CPU
		{F317D3B9-9C84-452C-B544-F354658667AB}.Debug|Any CPU.ActiveCfg = Debug|Any CPU
		{F317D3B9-9C84-452C-B544-F354658667AB}.Debug|Any CPU.Build.0 = Debug|Any CPU
		{F317D3B9-9C84-452C-B544-F354658667AB}.Release|Any CPU.ActiveCfg = Release|Any CPU
		{F317D3B9-9C84-452C-B544-F354658667AB}.Release|Any CPU.Build.0 = Release|Any CPU
		{317AFF68-3CEF-414F-ADAD-D6A946E4B785}.Debug|Any CPU.ActiveCfg = Debug|Any CPU
		{317AFF68-3CEF-414F-ADAD-D6A946E4B785}.Debug|Any CPU.Build.0 = Debug|Any CPU
		{317AFF68-3CEF-414F-ADAD-D6A946E4B785}.Release|Any CPU.ActiveCfg = Release|Any CPU
		{317AFF68-3CEF-414F-ADAD-D6A946E4B785}.Release|Any CPU.Build.0 = Release|Any CPU
		{501B9142-0098-4E8F-B57F-4B81C1CE2A82}.Debug|Any CPU.ActiveCfg = Debug|Any CPU
		{501B9142-0098-4E8F-B57F-4B81C1CE2A82}.Debug|Any CPU.Build.0 = Debug|Any CPU
		{501B9142-0098-4E8F-B57F-4B81C1CE2A82}.Release|Any CPU.ActiveCfg = Release|Any CPU
		{501B9142-0098-4E8F-B57F-4B81C1CE2A82}.Release|Any CPU.Build.0 = Release|Any CPU
		{9114119E-36D1-42B3-BDA2-439A9837F919}.Debug|Any CPU.ActiveCfg = Debug|Any CPU
		{9114119E-36D1-42B3-BDA2-439A9837F919}.Debug|Any CPU.Build.0 = Debug|Any CPU
		{9114119E-36D1-42B3-BDA2-439A9837F919}.Release|Any CPU.ActiveCfg = Release|Any CPU
		{9114119E-36D1-42B3-BDA2-439A9837F919}.Release|Any CPU.Build.0 = Release|Any CPU
	EndGlobalSection
	GlobalSection(SolutionProperties) = preSolution
		HideSolutionNode = FALSE
	EndGlobalSection
	GlobalSection(ExtensibilityGlobals) = postSolution
		SolutionGuid = {48BF646C-406D-4BF7-9182-9364A678C441}
	EndGlobalSection
EndGlobal
